
Microsoft Visual Studio Solution File, Format Version 12.00
# Visual Studio Version 16
VisualStudioVersion = 16.0.29709.97
MinimumVisualStudioVersion = 10.0.40219.1
Project("{00D1A9C2-B5F0-4AF3-8072-F6C62B433612}") = "BDTest", "BDTest\BDTest.sqlproj", "{C143FF1F-EF14-431C-B675-02A7B325B20D}"
EndProject
Global
	GlobalSection(SolutionConfigurationPlatforms) = preSolution
		Debug|Any CPU = Debug|Any CPU
		Release|Any CPU = Release|Any CPU
	EndGlobalSection
	GlobalSection(ProjectConfigurationPlatforms) = postSolution
		{C143FF1F-EF14-431C-B675-02A7B325B20D}.Debug|Any CPU.ActiveCfg = Debug|Any CPU
		{C143FF1F-EF14-431C-B675-02A7B325B20D}.Debug|Any CPU.Build.0 = Debug|Any CPU
		{C143FF1F-EF14-431C-B675-02A7B325B20D}.Debug|Any CPU.Deploy.0 = Debug|Any CPU
		{C143FF1F-EF14-431C-B675-02A7B325B20D}.Release|Any CPU.ActiveCfg = Release|Any CPU
		{C143FF1F-EF14-431C-B675-02A7B325B20D}.Release|Any CPU.Build.0 = Release|Any CPU
		{C143FF1F-EF14-431C-B675-02A7B325B20D}.Release|Any CPU.Deploy.0 = Release|Any CPU
	EndGlobalSection
	GlobalSection(SolutionProperties) = preSolution
		HideSolutionNode = FALSE
	EndGlobalSection
	GlobalSection(ExtensibilityGlobals) = postSolution
		SolutionGuid = {0B1BE1B9-F8F8-4F71-B457-00EC1F5A1124}
	EndGlobalSection
EndGlobal
